<?xml version="1.0" encoding="utf-8"?>
<Project ToolsVersion="4.0" xmlns="http://schemas.microsoft.com/developer/msbuild/2003">
  <ItemGroup>
    <ClCompile Include="src\client\src\ogremagixApp.cpp">
      <Filter>src</Filter>
    </ClCompile>
    <ClCompile Include="src\client\src\ogremagixFrameListener.cpp">
      <Filter>src</Filter>
    </ClCompile>
    <ClCompile Include="src\client\src\MagixApplication.cpp">
      <Filter>src</Filter>
    </ClCompile>
    <ClCompile Include="src\client\src\MagixAlertBox.cpp">
      <Filter>src</Filter>
    </ClCompile>
    <ClCompile Include="src\client\src\MagixCamera.cpp">
      <Filter>src</Filter>
    </ClCompile>
    <ClCompile Include="src\client\src\MagixCampaignManager.cpp">
      <Filter>src</Filter>
    </ClCompile>
    <ClCompile Include="src\client\src\MagixCharScreenManager.cpp">
      <Filter>src</Filter>
    </ClCompile>
    <ClCompile Include="src\client\src\MagixChatManager.cpp">
      <Filter>src</Filter>
    </ClCompile>
    <ClCompile Include="src\client\src\MagixCollisionManager.cpp">
      <Filter>src</Filter>
    </ClCompile>
    <ClCompile Include="src\client\src\MagixCritterManager.cpp">
      <Filter>src</Filter>
    </ClCompile>
    <ClCompile Include="src\client\src\MagixCritter.cpp">
      <Filter>src</Filter>
    </ClCompile>
    <ClCompile Include="src\client\src\MagixEffectsManager.cpp">
      <Filter>src</Filter>
    </ClCompile>
    <ClCompile Include="src\client\src\MagixEncryption.cpp">
      <Filter>src</Filter>
    </ClCompile>
    <ClCompile Include="src\client\src\MagixExternalDefinitions.cpp">
      <Filter>src</Filter>
    </ClCompile>
    <ClCompile Include="src\client\src\MagixFrameListener.cpp">
      <Filter>src</Filter>
    </ClCompile>
    <ClCompile Include="src\client\src\MagixGameStateManager.cpp">
      <Filter>src</Filter>
    </ClCompile>
    <ClCompile Include="src\client\src\MagixGUI.cpp">
      <Filter>src</Filter>
    </ClCompile>
    <ClCompile Include="src\client\src\MagixHandler.cpp">
      <Filter>src</Filter>
    </ClCompile>
    <ClCompile Include="src\client\src\MagixInputManager.cpp">
      <Filter>src</Filter>
    </ClCompile>
    <ClCompile Include="src\client\src\MagixItem.cpp">
      <Filter>src</Filter>
    </ClCompile>
    <ClCompile Include="src\client\src\MagixItemManager.cpp">
      <Filter>src</Filter>
    </ClCompile>
    <ClCompile Include="src\client\src\MagixLoadingBar.cpp">
      <Filter>src</Filter>
    </ClCompile>
    <ClCompile Include="src\client\src\MagixMiniMap.cpp">
      <Filter>src</Filter>
    </ClCompile>
    <ClCompile Include="src\client\src\MagixNetworkManager.cpp">
      <Filter>src</Filter>
    </ClCompile>
    <ClCompile Include="src\client\src\MagixObject.cpp">
      <Filter>src</Filter>
    </ClCompile>
    <ClCompile Include="src\client\src\MagixAnimated.cpp">
      <Filter>src</Filter>
    </ClCompile>
    <ClCompile Include="src\client\src\MagixOwnershipManager.cpp">
      <Filter>src</Filter>
    </ClCompile>
    <ClCompile Include="src\client\src\MagixPlayer.cpp">
      <Filter>src</Filter>
    </ClCompile>
    <ClCompile Include="src\client\src\MagixSkyManager.cpp">
      <Filter>src</Filter>
    </ClCompile>
    <ClCompile Include="src\client\src\MagixSoundManager.cpp">
      <Filter>src</Filter>
    </ClCompile>
    <ClCompile Include="src\client\src\MagixUnit.cpp">
      <Filter>src</Filter>
    </ClCompile>
    <ClCompile Include="src\client\src\MagixIndexedUnit.cpp">
      <Filter>src</Filter>
    </ClCompile>
    <ClCompile Include="src\client\src\MagixUnitManager.cpp">
      <Filter>src</Filter>
    </ClCompile>
    <ClCompile Include="src\client\src\main.cpp" />
    <ClCompile Include="src\client\src\SoundManager.cpp" />
    <ClCompile Include="src\client\src\MagixWorld.cpp">
      <Filter>src</Filter>
    </ClCompile>
    <ClCompile Include="src\client\include\MagixConst.h">
      <Filter>include</Filter>
    </ClCompile>
    <ClCompile Include="src\client\src\movabletextoverlay.cpp">
      <Filter>src</Filter>
    </ClCompile>
    <ClCompile Include="src\client\src\DebugTrace.cpp">
      <Filter>src</Filter>
    </ClCompile>
    <ClCompile Include="src\client\src\MagixLiving.cpp">
      <Filter>src</Filter>
    </ClCompile>
  </ItemGroup>
  <ItemGroup>
    <ClInclude Include="config\GameConfig.h" />
    <ClInclude Include="src\client\res\Resource.h" />
    <ClInclude Include="src\client\include\MagixApplication.h">
      <Filter>include</Filter>
    </ClInclude>
    <ClInclude Include="src\client\include\ogremagixApp.h">
      <Filter>include</Filter>
    </ClInclude>
    <ClInclude Include="src\client\include\ogremagixFrameListener.h">
      <Filter>include</Filter>
    </ClInclude>
    <ClInclude Include="src\client\include\MagixAlertBox.h">
      <Filter>include</Filter>
    </ClInclude>
    <ClInclude Include="src\client\include\MagixCamera.h">
      <Filter>include</Filter>
    </ClInclude>
    <ClInclude Include="src\client\include\MagixCampaignManager.h">
      <Filter>include</Filter>
    </ClInclude>
    <ClInclude Include="src\client\include\MagixCharScreenManager.h">
      <Filter>include</Filter>
    </ClInclude>
    <ClInclude Include="src\client\include\MagixChatManager.h">
      <Filter>include</Filter>
    </ClInclude>
    <ClInclude Include="src\client\include\MagixCollisionManager.h">
      <Filter>include</Filter>
    </ClInclude>
    <ClInclude Include="src\client\include\MagixCritterManager.h">
      <Filter>include</Filter>
    </ClInclude>
    <ClInclude Include="src\client\include\MagixCritter.h">
      <Filter>include</Filter>
    </ClInclude>
    <ClInclude Include="src\client\include\MagixEffectsManager.h">
      <Filter>include</Filter>
    </ClInclude>
    <ClInclude Include="src\client\include\MagixEncryption.h">
      <Filter>include</Filter>
    </ClInclude>
    <ClInclude Include="src\client\include\MagixExternalDefinitions.h">
      <Filter>include</Filter>
    </ClInclude>
    <ClInclude Include="src\client\include\MagixFrameListener.h">
      <Filter>include</Filter>
    </ClInclude>
    <ClInclude Include="src\client\include\MagixGameStateManager.h">
      <Filter>include</Filter>
    </ClInclude>
    <ClInclude Include="src\client\include\MagixGUI.h">
      <Filter>include</Filter>
    </ClInclude>
    <ClInclude Include="src\client\include\MagixHandler.h">
      <Filter>include</Filter>
    </ClInclude>
    <ClInclude Include="src\client\include\MagixInputManager.h">
      <Filter>include</Filter>
    </ClInclude>
    <ClInclude Include="src\client\include\MagixItemManager.h">
      <Filter>include</Filter>
    </ClInclude>
    <ClInclude Include="src\client\include\MagixItem.h">
      <Filter>include</Filter>
    </ClInclude>
    <ClInclude Include="src\client\include\MagixLoadingBar.h">
      <Filter>include</Filter>
    </ClInclude>
    <ClInclude Include="src\client\include\MagixMiniMap.h">
      <Filter>include</Filter>
    </ClInclude>
    <ClInclude Include="src\client\include\MagixNetworkDefines.h">
      <Filter>include</Filter>
    </ClInclude>
    <ClInclude Include="src\client\include\MagixNetworkManager.h">
      <Filter>include</Filter>
    </ClInclude>
    <ClInclude Include="src\client\include\MagixLiving.h">
      <Filter>include</Filter>
    </ClInclude>
    <ClInclude Include="src\client\include\MagixAnimated.h">
      <Filter>include</Filter>
    </ClInclude>
    <ClInclude Include="src\client\include\MagixObject.h">
      <Filter>include</Filter>
    </ClInclude>
    <ClInclude Include="src\client\include\MagixOwnershipManager.h">
      <Filter>include</Filter>
    </ClInclude>
    <ClInclude Include="src\client\include\MagixPlayer.h">
      <Filter>include</Filter>
    </ClInclude>
    <ClInclude Include="src\client\include\MagixSkyManager.h">
      <Filter>include</Filter>
    </ClInclude>
    <ClInclude Include="src\client\include\MagixSoundManager.h">
      <Filter>include</Filter>
    </ClInclude>
    <ClInclude Include="src\client\include\MagixUnit.h">
      <Filter>include</Filter>
    </ClInclude>
    <ClInclude Include="src\client\include\MagixUnitManager.h">
      <Filter>include</Filter>
    </ClInclude>
    <ClInclude Include="src\client\include\MagixIndexedUnit.h">
      <Filter>include</Filter>
    </ClInclude>
    <ClInclude Include="src\client\include\MagixWorld.h">
      <Filter>include</Filter>
    </ClInclude>
    <ClInclude Include="src\client\include\SoundManager.h">
      <Filter>include</Filter>
    </ClInclude>
    <ClInclude Include="src\client\include\HeightFunction.h">
      <Filter>include</Filter>
    </ClInclude>
    <ClInclude Include="src\client\include\DebugTrace.h">
      <Filter>include</Filter>
    </ClInclude>
  </ItemGroup>
  <ItemGroup>
    <ResourceCompile Include="src\client\res\ogremagix.rc" />
  </ItemGroup>
  <ItemGroup>
    <None Include="src\client\res\ogremagix.ico" />
    <None Include="src\client\docs\ReadMe.txt" />
  </ItemGroup>
  <ItemGroup>
    <Filter Include="include">
      <UniqueIdentifier>{d5b50bfa-cbc8-4245-817e-0c7fc4cdbb05}</UniqueIdentifier>
    </Filter>
    <Filter Include="src">
      <UniqueIdentifier>{387616f2-b2ea-4563-96f2-a3f05531cddb}</UniqueIdentifier>
    </Filter>
  </ItemGroup>
</Project>